{
  "version": 4,
  "terraform_version": "1.6.4",
  "serial": 24,
  "lineage": "11f946dd-8993-f33a-2fed-f3be0f23b7ce",
  "outputs": {},
  "resources": [
    {
      "mode": "data",
      "type": "google_firebase_web_app_config",
      "name": "example",
      "provider": "provider[\"registry.terraform.io/hashicorp/google-beta\"]",
      "instances": [
        {
          "schema_version": 0,
          "attributes": {
            "api_key": "AIzaSyA4YrlviLql-wa5RpCGqfLCx4OkssFqux4",
            "auth_domain": "sample-firebase-ai-apps-16862.firebaseapp.com",
            "database_url": "",
            "id": "1:804555550617:web:f3d972105d7ac9711ced08",
            "location_id": "",
            "measurement_id": "",
            "messaging_sender_id": "804555550617",
            "project": "sample-firebase-ai-apps-16862",
            "storage_bucket": "sample-firebase-ai-apps-16862.firebasestorage.app",
            "web_app_id": "1:804555550617:web:f3d972105d7ac9711ced08"
          },
          "sensitive_attributes": []
        }
      ]
    },
    {
      "mode": "data",
      "type": "google_project",
      "name": "project",
      "provider": "provider[\"registry.terraform.io/hashicorp/google-beta\"]",
      "instances": [
        {
          "schema_version": 0,
          "attributes": {
            "auto_create_network": null,
            "billing_account": null,
            "deletion_policy": "DELETE",
            "effective_labels": {
              "firebase": "enabled",
              "firebase-core": "disabled"
            },
            "folder_id": null,
            "id": "projects/sample-firebase-ai-apps-16862",
            "labels": {
              "firebase": "enabled",
              "firebase-core": "disabled"
            },
            "name": "Sample Firebase AI Apps",
            "number": "804555550617",
            "org_id": null,
            "project_id": "sample-firebase-ai-apps-16862",
            "skip_delete": null,
            "terraform_labels": {
              "firebase": "enabled",
              "firebase-core": "disabled"
            }
          },
          "sensitive_attributes": []
        }
      ]
    },
    {
      "mode": "managed",
      "type": "google_apikeys_key",
      "name": "generativelanguage",
      "provider": "provider[\"registry.terraform.io/hashicorp/google-beta\"]",
      "instances": [
        {
          "schema_version": 0,
          "attributes": {
            "display_name": "Gemini API Key",
            "id": "projects/sample-firebase-ai-apps-16862/locations/global/keys/gemini-api-key",
            "key_string": "AIzaSyC2Ars2E_6TCTyv35lh46RhGMWjpeC7dkI",
            "name": "gemini-api-key",
            "project": "sample-firebase-ai-apps-16862",
            "restrictions": [
              {
                "android_key_restrictions": [],
                "api_targets": [
                  {
                    "methods": [],
                    "service": "generativelanguage.googleapis.com"
                  }
                ],
                "browser_key_restrictions": [
                  {
                    "allowed_referrers": [
                      "*"
                    ]
                  }
                ],
                "ios_key_restrictions": [],
                "server_key_restrictions": []
              }
            ],
            "timeouts": null,
            "uid": "c913790e-12ee-4a69-8425-11aac3fc5640"
          },
          "sensitive_attributes": [],
          "private": "eyJlMmJmYjczMC1lY2FhLTExZTYtOGY4OC0zNDM2M2JjN2M0YzAiOnsiY3JlYXRlIjoxMjAwMDAwMDAwMDAwLCJkZWxldGUiOjEyMDAwMDAwMDAwMDAsInVwZGF0ZSI6MTIwMDAwMDAwMDAwMH19",
          "dependencies": [
            "google_project_service.services"
          ]
        }
      ]
    },
    {
      "mode": "managed",
      "type": "google_firebase_web_app",
      "name": "example",
      "provider": "provider[\"registry.terraform.io/hashicorp/google-beta\"]",
      "instances": [
        {
          "schema_version": 0,
          "attributes": {
            "api_key_id": "f3d39964-4a2e-494a-8c39-4e5469f18fe1",
            "app_id": "1:804555550617:web:f3d972105d7ac9711ced08",
            "app_urls": [],
            "deletion_policy": "DELETE",
            "display_name": "Make It So AI!",
            "id": "projects/sample-firebase-ai-apps-16862/webApps/1:804555550617:web:f3d972105d7ac9711ced08",
            "name": "projects/sample-firebase-ai-apps-16862/webApps/1:804555550617:web:f3d972105d7ac9711ced08",
            "project": "sample-firebase-ai-apps-16862",
            "timeouts": null
          },
          "sensitive_attributes": [],
          "private": "eyJlMmJmYjczMC1lY2FhLTExZTYtOGY4OC0zNDM2M2JjN2M0YzAiOnsiY3JlYXRlIjoxMjAwMDAwMDAwMDAwLCJkZWxldGUiOjEyMDAwMDAwMDAwMDAsInVwZGF0ZSI6MTIwMDAwMDAwMDAwMH19"
        }
      ]
    },
    {
      "mode": "managed",
      "type": "google_firebaserules_release",
      "name": "firestore",
      "provider": "provider[\"registry.terraform.io/hashicorp/google-beta\"]",
      "instances": [
        {
          "schema_version": 0,
          "attributes": {
            "create_time": "2025-01-01T10:27:25.000860Z",
            "disabled": false,
            "id": "projects/sample-firebase-ai-apps-16862/releases/cloud.firestore",
            "name": "cloud.firestore",
            "project": "sample-firebase-ai-apps-16862",
            "ruleset_name": "fe2a921c-93d5-42de-9f3c-4568617b1439",
            "timeouts": null,
            "update_time": "2025-01-01T10:27:25.000860Z"
          },
          "sensitive_attributes": [],
          "private": "eyJlMmJmYjczMC1lY2FhLTExZTYtOGY4OC0zNDM2M2JjN2M0YzAiOnsiY3JlYXRlIjoxMjAwMDAwMDAwMDAwLCJkZWxldGUiOjEyMDAwMDAwMDAwMDB9fQ==",
          "dependencies": [
            "google_firebaserules_ruleset.firestore",
            "google_firestore_database.database",
            "google_project_service.services",
            "local_file.firestore_rules"
          ]
        }
      ]
    },
    {
      "mode": "managed",
      "type": "google_firebaserules_ruleset",
      "name": "firestore",
      "provider": "provider[\"registry.terraform.io/hashicorp/google-beta\"]",
      "instances": [
        {
          "schema_version": 0,
          "attributes": {
            "create_time": "2025-01-01T10:27:19.957823Z",
            "id": "projects/sample-firebase-ai-apps-16862/rulesets/fe2a921c-93d5-42de-9f3c-4568617b1439",
            "metadata": [
              {
                "services": [
                  "cloud.firestore"
                ]
              }
            ],
            "name": "fe2a921c-93d5-42de-9f3c-4568617b1439",
            "project": "sample-firebase-ai-apps-16862",
            "source": [
              {
                "files": [
                  {
                    "content": "service cloud.firestore {\n  match /databases/{database}/documents/{document=**} {\n    allow read, write: if request.auth != null \u0026\u0026 request.time \u003c timestamp.date(2025, 1, 31);\n  }\n}\n",
                    "fingerprint": "",
                    "name": "firestore.rules"
                  }
                ],
                "language": ""
              }
            ],
            "timeouts": null
          },
          "sensitive_attributes": [],
          "private": "eyJlMmJmYjczMC1lY2FhLTExZTYtOGY4OC0zNDM2M2JjN2M0YzAiOnsiY3JlYXRlIjoxMjAwMDAwMDAwMDAwLCJkZWxldGUiOjEyMDAwMDAwMDAwMDB9fQ==",
          "dependencies": [
            "google_firestore_database.database",
            "google_project_service.services",
            "local_file.firestore_rules"
          ]
        }
      ]
    },
    {
      "mode": "managed",
      "type": "google_firestore_database",
      "name": "database",
      "provider": "provider[\"registry.terraform.io/hashicorp/google-beta\"]",
      "instances": [
        {
          "schema_version": 0,
          "attributes": {
            "app_engine_integration_mode": "DISABLED",
            "cmek_config": [],
            "concurrency_mode": "PESSIMISTIC",
            "create_time": "",
            "delete_protection_state": "DELETE_PROTECTION_DISABLED",
            "deletion_policy": "ABANDON",
            "earliest_version_time": "2025-01-01T09:27:12.713318Z",
            "etag": "INeAiOmn1IoDMIDP6LK5r4oD",
            "id": "projects/sample-firebase-ai-apps-16862/databases/(default)",
            "key_prefix": "",
            "location_id": "nam5",
            "name": "(default)",
            "point_in_time_recovery_enablement": "POINT_IN_TIME_RECOVERY_DISABLED",
            "project": "sample-firebase-ai-apps-16862",
            "timeouts": null,
            "type": "FIRESTORE_NATIVE",
            "uid": "011e8ea0-df8c-405b-9273-047e4d722148",
            "update_time": "",
            "version_retention_period": "3600s"
          },
          "sensitive_attributes": [],
          "private": "eyJlMmJmYjczMC1lY2FhLTExZTYtOGY4OC0zNDM2M2JjN2M0YzAiOnsiY3JlYXRlIjoxMjAwMDAwMDAwMDAwLCJkZWxldGUiOjEyMDAwMDAwMDAwMDAsInVwZGF0ZSI6MTIwMDAwMDAwMDAwMH19",
          "dependencies": [
            "google_project_service.services"
          ]
        }
      ]
    },
    {
      "mode": "managed",
      "type": "google_project_service",
      "name": "services",
      "provider": "provider[\"registry.terraform.io/hashicorp/google-beta\"]",
      "instances": [
        {
          "index_key": "apikeys.googleapis.com",
          "schema_version": 0,
          "attributes": {
            "check_if_service_has_usage_on_destroy": false,
            "disable_dependent_services": null,
            "disable_on_destroy": false,
            "id": "sample-firebase-ai-apps-16862/apikeys.googleapis.com",
            "project": "sample-firebase-ai-apps-16862",
            "service": "apikeys.googleapis.com",
            "timeouts": null
          },
          "sensitive_attributes": [],
          "private": "eyJlMmJmYjczMC1lY2FhLTExZTYtOGY4OC0zNDM2M2JjN2M0YzAiOnsiY3JlYXRlIjoxMjAwMDAwMDAwMDAwLCJkZWxldGUiOjEyMDAwMDAwMDAwMDAsInJlYWQiOjYwMDAwMDAwMDAwMCwidXBkYXRlIjoxMjAwMDAwMDAwMDAwfX0="
        },
        {
          "index_key": "firebaserules.googleapis.com",
          "schema_version": 0,
          "attributes": {
            "check_if_service_has_usage_on_destroy": false,
            "disable_dependent_services": null,
            "disable_on_destroy": false,
            "id": "sample-firebase-ai-apps-16862/firebaserules.googleapis.com",
            "project": "sample-firebase-ai-apps-16862",
            "service": "firebaserules.googleapis.com",
            "timeouts": null
          },
          "sensitive_attributes": [],
          "private": "eyJlMmJmYjczMC1lY2FhLTExZTYtOGY4OC0zNDM2M2JjN2M0YzAiOnsiY3JlYXRlIjoxMjAwMDAwMDAwMDAwLCJkZWxldGUiOjEyMDAwMDAwMDAwMDAsInJlYWQiOjYwMDAwMDAwMDAwMCwidXBkYXRlIjoxMjAwMDAwMDAwMDAwfX0="
        },
        {
          "index_key": "firestore.googleapis.com",
          "schema_version": 0,
          "attributes": {
            "check_if_service_has_usage_on_destroy": false,
            "disable_dependent_services": null,
            "disable_on_destroy": false,
            "id": "sample-firebase-ai-apps-16862/firestore.googleapis.com",
            "project": "sample-firebase-ai-apps-16862",
            "service": "firestore.googleapis.com",
            "timeouts": null
          },
          "sensitive_attributes": [],
          "private": "eyJlMmJmYjczMC1lY2FhLTExZTYtOGY4OC0zNDM2M2JjN2M0YzAiOnsiY3JlYXRlIjoxMjAwMDAwMDAwMDAwLCJkZWxldGUiOjEyMDAwMDAwMDAwMDAsInJlYWQiOjYwMDAwMDAwMDAwMCwidXBkYXRlIjoxMjAwMDAwMDAwMDAwfX0="
        },
        {
          "index_key": "generativelanguage.googleapis.com",
          "schema_version": 0,
          "attributes": {
            "check_if_service_has_usage_on_destroy": false,
            "disable_dependent_services": null,
            "disable_on_destroy": false,
            "id": "sample-firebase-ai-apps-16862/generativelanguage.googleapis.com",
            "project": "sample-firebase-ai-apps-16862",
            "service": "generativelanguage.googleapis.com",
            "timeouts": null
          },
          "sensitive_attributes": [],
          "private": "eyJlMmJmYjczMC1lY2FhLTExZTYtOGY4OC0zNDM2M2JjN2M0YzAiOnsiY3JlYXRlIjoxMjAwMDAwMDAwMDAwLCJkZWxldGUiOjEyMDAwMDAwMDAwMDAsInJlYWQiOjYwMDAwMDAwMDAwMCwidXBkYXRlIjoxMjAwMDAwMDAwMDAwfX0="
        },
        {
          "index_key": "serviceusage.googleapis.com",
          "schema_version": 0,
          "attributes": {
            "check_if_service_has_usage_on_destroy": false,
            "disable_dependent_services": null,
            "disable_on_destroy": false,
            "id": "sample-firebase-ai-apps-16862/serviceusage.googleapis.com",
            "project": "sample-firebase-ai-apps-16862",
            "service": "serviceusage.googleapis.com",
            "timeouts": null
          },
          "sensitive_attributes": [],
          "private": "eyJlMmJmYjczMC1lY2FhLTExZTYtOGY4OC0zNDM2M2JjN2M0YzAiOnsiY3JlYXRlIjoxMjAwMDAwMDAwMDAwLCJkZWxldGUiOjEyMDAwMDAwMDAwMDAsInJlYWQiOjYwMDAwMDAwMDAwMCwidXBkYXRlIjoxMjAwMDAwMDAwMDAwfX0="
        }
      ]
    },
    {
      "mode": "managed",
      "type": "google_service_usage_consumer_quota_override",
      "name": "generativelanguage",
      "provider": "provider[\"registry.terraform.io/hashicorp/google-beta\"]",
      "instances": [
        {
          "schema_version": 0,
          "attributes": {
            "dimensions": {},
            "force": true,
            "id": "projects/sample-firebase-ai-apps-16862/services/generativelanguage.googleapis.com/consumerQuotaMetrics/generativelanguage.googleapis.com%2Fgenerate_requests_per_model/limits/%2Fmin%2Fmodel%2Fproject/consumerOverrides/Cg1RdW90YU92ZXJyaWRl",
            "limit": "%2Fmin%2Fmodel%2Fproject",
            "metric": "generativelanguage.googleapis.com%2Fgenerate_requests_per_model",
            "name": "Cg1RdW90YU92ZXJyaWRl",
            "override_value": "10",
            "project": "sample-firebase-ai-apps-16862",
            "service": "generativelanguage.googleapis.com",
            "timeouts": null
          },
          "sensitive_attributes": [],
          "private": "eyJlMmJmYjczMC1lY2FhLTExZTYtOGY4OC0zNDM2M2JjN2M0YzAiOnsiY3JlYXRlIjoxMjAwMDAwMDAwMDAwLCJkZWxldGUiOjEyMDAwMDAwMDAwMDAsInVwZGF0ZSI6MTIwMDAwMDAwMDAwMH19",
          "dependencies": [
            "google_project_service.services"
          ]
        }
      ]
    },
    {
      "mode": "managed",
      "type": "local_file",
      "name": "environment_ts",
      "provider": "provider[\"registry.terraform.io/hashicorp/local\"]",
      "instances": [
        {
          "schema_version": 0,
          "attributes": {
            "content": "export const environment = {\n  firebase: {\n      apiKey: 'AIzaSyA4YrlviLql-wa5RpCGqfLCx4OkssFqux4',\n      authDomain: 'sample-firebase-ai-apps-16862.firebaseapp.com',\n      databaseURL: '',\n      projectId: 'sample-firebase-ai-apps-16862',\n      storageBucket: 'sample-firebase-ai-apps-16862.firebasestorage.app',\n      messagingSenderId: '804555550617',\n      appId: '1:804555550617:web:f3d972105d7ac9711ced08',\n      measurementId: '',\n  },\n  gemini_api_key: 'AIzaSyC2Ars2E_6TCTyv35lh46RhGMWjpeC7dkI',\n  debug_token: ''\n};",
            "content_base64": null,
            "content_base64sha256": "8Jn9LCoDP6q1LCnjACaTQ81Ph8+ZuN5om3yag0vMGq4=",
            "content_base64sha512": "Gd8JdRkvG2rPxGxicC2tjCTwdQ6g6Wkc72BoLY59kLvuvXVHIQ2fSggKDpfjpJceKRRzk/5h3E8KgVWo3uRpXw==",
            "content_md5": "49fe00785d9c2e13c05b8f36090d115b",
            "content_sha1": "0d1372cb3eed5be6121c36046bf977f52a71eec4",
            "content_sha256": "f099fd2c2a033faab52c29e300269343cd4f87cf99b8de689b7c9a834bcc1aae",
            "content_sha512": "19df0975192f1b6acfc46c62702dad8c24f0750ea0e9691cef60682d8e7d90bbeebd7547210d9f4a080a0e97e3a4971e29147393fe61dc4f0a8155a8dee4695f",
            "directory_permission": "0777",
            "file_permission": "0777",
            "filename": "./src/environments/environments.ts",
            "id": "0d1372cb3eed5be6121c36046bf977f52a71eec4",
            "sensitive_content": null,
            "source": null
          },
          "sensitive_attributes": [
            [
              {
                "type": "get_attr",
                "value": "content"
              }
            ]
          ],
          "dependencies": [
            "data.google_firebase_web_app_config.example",
            "data.google_project.project",
            "google_apikeys_key.generativelanguage",
            "google_firebase_web_app.example",
            "google_project_service.services"
          ]
        }
      ]
    },
    {
      "mode": "managed",
      "type": "local_file",
      "name": "firebaserc",
      "provider": "provider[\"registry.terraform.io/hashicorp/local\"]",
      "instances": [
        {
          "schema_version": 0,
          "attributes": {
            "content": "{\"projects\":{\"default\":\"sample-firebase-ai-apps-16862\"}}",
            "content_base64": null,
            "content_base64sha256": "aY9uThOVGJh+oBD/FcDf/r5RF7l+WHDMlJWnNB5DjrA=",
            "content_base64sha512": "Xy0XxOfJRP6T4eHxALJIDOZnq1vwpfq3r6kRVm45IETws6Wpeal3KY8M94L2FaLDLyNEDL7/C4DguIjlMqEMWA==",
            "content_md5": "9d2978351a6006ed18d20b61f8576fa8",
            "content_sha1": "6b6310668c65e4051b0cd3c48355d55b3ba1183f",
            "content_sha256": "698f6e4e139518987ea010ff15c0dffebe5117b97e5870cc9495a7341e438eb0",
            "content_sha512": "5f2d17c4e7c944fe93e1e1f100b2480ce667ab5bf0a5fab7afa911566e392044f0b3a5a979a977298f0cf782f615a2c32f23440cbeff0b80e0b888e532a10c58",
            "directory_permission": "0777",
            "file_permission": "0777",
            "filename": "./.firebaserc",
            "id": "6b6310668c65e4051b0cd3c48355d55b3ba1183f",
            "sensitive_content": null,
            "source": null
          },
          "sensitive_attributes": []
        }
      ]
    },
    {
      "mode": "managed",
      "type": "local_file",
      "name": "firestore_rules",
      "provider": "provider[\"registry.terraform.io/hashicorp/local\"]",
      "instances": [
        {
          "schema_version": 0,
          "attributes": {
            "content": "service cloud.firestore {\n  match /databases/{database}/documents/{document=**} {\n    allow read, write: if request.auth != null \u0026\u0026 request.time \u003c timestamp.date(2025, 1, 31);\n  }\n}\n",
            "content_base64": null,
            "content_base64sha256": "7FZQs11jnl2nzJJSy2Ma1nArvzNvZJdIqlKvVxt3L04=",
            "content_base64sha512": "FmkwboFdB7hfvM5dQWUqODpMActSRLe/8g28oIQPXynITmoIUpBanVCm+krKVuBb2c6Rzn5ogkjqX8yUAcsBIg==",
            "content_md5": "fe16c7b13b0835e5d45972fee4d23cda",
            "content_sha1": "5ed9c4dd81918df405a65bedc7eff6f08ed762b7",
            "content_sha256": "ec5650b35d639e5da7cc9252cb631ad6702bbf336f649748aa52af571b772f4e",
            "content_sha512": "1669306e815d07b85fbcce5d41652a383a4c01cb5244b7bff20dbca0840f5f29c84e6a0852905a9d50a6fa4aca56e05bd9ce91ce7e688248ea5fcc9401cb0122",
            "directory_permission": "0777",
            "file_permission": "0777",
            "filename": "./firestore.rules",
            "id": "5ed9c4dd81918df405a65bedc7eff6f08ed762b7",
            "sensitive_content": null,
            "source": null
          },
          "sensitive_attributes": []
        }
      ]
    }
  ],
  "check_results": null
}
